// !$*UTF8*$!
{
	archiveVersion = 1;
	classes = {
	};
	objectVersion = 50;
	objects = {

/* Begin PBXBuildFile section */
		0113C82DD06D00F5F9570502 /* Pods_ios_smartpush_demoTests.framework in Frameworks */ = {isa = PBXBuildFile; fileRef = E961BE1E269FA3741D0F7EDE /* Pods_ios_smartpush_demoTests.framework */; };
		B4456EE7174CF3534A7E3FE1 /* Pods_ios_smartpush_demo.framework in Frameworks */ = {isa = PBXBuildFile; fileRef = FEE4639A842CCD447C02A510 /* Pods_ios_smartpush_demo.framework */; };
		BA41266D21C414AC0058E737 /* SideMenuTableViewController.swift in Sources */ = {isa = PBXBuildFile; fileRef = BA41266C21C414AC0058E737 /* SideMenuTableViewController.swift */; };
		BA4126C421E3DECE0058E737 /* SmartpushSDK.framework in Frameworks */ = {isa = PBXBuildFile; fileRef = BA4126BF21E3DB1A0058E737 /* SmartpushSDK.framework */; };
		BA4126C521E3DECE0058E737 /* SmartpushSDK.framework in Embed Frameworks */ = {isa = PBXBuildFile; fileRef = BA4126BF21E3DB1A0058E737 /* SmartpushSDK.framework */; settings = {ATTRIBUTES = (CodeSignOnCopy, RemoveHeadersOnCopy, ); }; };
		BA4126C821E3DECE0058E737 /* SmartpushNotificationExtension.appex in Embed App Extensions */ = {isa = PBXBuildFile; fileRef = BA4126C121E3DB1A0058E737 /* SmartpushNotificationExtension.appex */; settings = {ATTRIBUTES = (RemoveHeadersOnCopy, ); }; };
		BA4126CB21E3DECE0058E737 /* SmartpushNotificationContent.appex in Embed App Extensions */ = {isa = PBXBuildFile; fileRef = BA4126C321E3DB1A0058E737 /* SmartpushNotificationContent.appex */; settings = {ATTRIBUTES = (RemoveHeadersOnCopy, ); }; };
		BA4126DB21E4233E0058E737 /* TagsViewController.swift in Sources */ = {isa = PBXBuildFile; fileRef = BA4126DA21E4233E0058E737 /* TagsViewController.swift */; };
		BA4705FB21E4D07C00529CBE /* InboxViewController.swift in Sources */ = {isa = PBXBuildFile; fileRef = BA4705FA21E4D07C00529CBE /* InboxViewController.swift */; };
		BA4705FD21E4D09000529CBE /* GeofenceViewController.swift in Sources */ = {isa = PBXBuildFile; fileRef = BA4705FC21E4D09000529CBE /* GeofenceViewController.swift */; };
		BA47060221E5199900529CBE /* Geofence.swift in Sources */ = {isa = PBXBuildFile; fileRef = BA47060121E5199900529CBE /* Geofence.swift */; };
		BA47060521E51AE500529CBE /* AppUtils.swift in Sources */ = {isa = PBXBuildFile; fileRef = BA47060421E51AE400529CBE /* AppUtils.swift */; };
		BA47060721E5267C00529CBE /* ShareViewController.swift in Sources */ = {isa = PBXBuildFile; fileRef = BA47060621E5267C00529CBE /* ShareViewController.swift */; };
		BA47060921E526B400529CBE /* SendViewController.swift in Sources */ = {isa = PBXBuildFile; fileRef = BA47060821E526B400529CBE /* SendViewController.swift */; };
		BA47060B21E534F000529CBE /* NotificationTypesViewController.swift in Sources */ = {isa = PBXBuildFile; fileRef = BA47060A21E534F000529CBE /* NotificationTypesViewController.swift */; };
		BA8C4CDE21E65BFA0099AE50 /* InboxCell.swift in Sources */ = {isa = PBXBuildFile; fileRef = BA8C4CDD21E65BFA0099AE50 /* InboxCell.swift */; };
		BAAA7EF1E02F6C33546CCA1D /* Pods_ios_smartpush_demoUITests.framework in Frameworks */ = {isa = PBXBuildFile; fileRef = F4DCC51D14A1C42AF146B03F /* Pods_ios_smartpush_demoUITests.framework */; };
		BAE7D8DB21C0245200FB9930 /* AppDelegate.swift in Sources */ = {isa = PBXBuildFile; fileRef = BAE7D8DA21C0245200FB9930 /* AppDelegate.swift */; };
		BAE7D8DD21C0245200FB9930 /* HomeViewController.swift in Sources */ = {isa = PBXBuildFile; fileRef = BAE7D8DC21C0245200FB9930 /* HomeViewController.swift */; };
		BAE7D8E021C0245200FB9930 /* Main.storyboard in Resources */ = {isa = PBXBuildFile; fileRef = BAE7D8DE21C0245200FB9930 /* Main.storyboard */; };
		BAE7D8E221C0245500FB9930 /* Assets.xcassets in Resources */ = {isa = PBXBuildFile; fileRef = BAE7D8E121C0245500FB9930 /* Assets.xcassets */; };
		BAE7D8E521C0245500FB9930 /* LaunchScreen.storyboard in Resources */ = {isa = PBXBuildFile; fileRef = BAE7D8E321C0245500FB9930 /* LaunchScreen.storyboard */; };
		BAE7D8F021C0245500FB9930 /* ios_smartpush_demoTests.swift in Sources */ = {isa = PBXBuildFile; fileRef = BAE7D8EF21C0245500FB9930 /* ios_smartpush_demoTests.swift */; };
		BAE7D8FB21C0245500FB9930 /* ios_smartpush_demoUITests.swift in Sources */ = {isa = PBXBuildFile; fileRef = BAE7D8FA21C0245500FB9930 /* ios_smartpush_demoUITests.swift */; };
/* End PBXBuildFile section */

/* Begin PBXContainerItemProxy section */
		BA4126BE21E3DB1A0058E737 /* PBXContainerItemProxy */ = {
			isa = PBXContainerItemProxy;
			containerPortal = BA4126B821E3DB190058E737 /* SmartpushSDK.xcodeproj */;
			proxyType = 2;
			remoteGlobalIDString = FAD96E301F3D550D004E828C;
			remoteInfo = SmartpushSDK;
		};
		BA4126C021E3DB1A0058E737 /* PBXContainerItemProxy */ = {
			isa = PBXContainerItemProxy;
			containerPortal = BA4126B821E3DB190058E737 /* SmartpushSDK.xcodeproj */;
			proxyType = 2;
			remoteGlobalIDString = FAC36C901F42784A00708DC1;
			remoteInfo = SmartpushNotificationExtension;
		};
		BA4126C221E3DB1A0058E737 /* PBXContainerItemProxy */ = {
			isa = PBXContainerItemProxy;
			containerPortal = BA4126B821E3DB190058E737 /* SmartpushSDK.xcodeproj */;
			proxyType = 2;
			remoteGlobalIDString = FAA0F26A1F45533A00473E93;
			remoteInfo = SmartpushNotificationContent;
		};
		BA4126C621E3DECE0058E737 /* PBXContainerItemProxy */ = {
			isa = PBXContainerItemProxy;
			containerPortal = BA4126B821E3DB190058E737 /* SmartpushSDK.xcodeproj */;
			proxyType = 1;
			remoteGlobalIDString = FAD96E2F1F3D550D004E828C;
			remoteInfo = SmartpushSDK;
		};
		BA4126C921E3DECE0058E737 /* PBXContainerItemProxy */ = {
			isa = PBXContainerItemProxy;
			containerPortal = BA4126B821E3DB190058E737 /* SmartpushSDK.xcodeproj */;
			proxyType = 1;
			remoteGlobalIDString = FAC36C8F1F42784A00708DC1;
			remoteInfo = SmartpushNotificationExtension;
		};
		BA4126CC21E3DECE0058E737 /* PBXContainerItemProxy */ = {
			isa = PBXContainerItemProxy;
			containerPortal = BA4126B821E3DB190058E737 /* SmartpushSDK.xcodeproj */;
			proxyType = 1;
			remoteGlobalIDString = FAA0F2691F45533A00473E93;
			remoteInfo = SmartpushNotificationContent;
		};
		BAE7D8EC21C0245500FB9930 /* PBXContainerItemProxy */ = {
			isa = PBXContainerItemProxy;
			containerPortal = BAE7D8CF21C0245200FB9930 /* Project object */;
			proxyType = 1;
			remoteGlobalIDString = BAE7D8D621C0245200FB9930;
			remoteInfo = "ios-smartpush-demo";
		};
		BAE7D8F721C0245500FB9930 /* PBXContainerItemProxy */ = {
			isa = PBXContainerItemProxy;
			containerPortal = BAE7D8CF21C0245200FB9930 /* Project object */;
			proxyType = 1;
			remoteGlobalIDString = BAE7D8D621C0245200FB9930;
			remoteInfo = "ios-smartpush-demo";
		};
/* End PBXContainerItemProxy section */

/* Begin PBXCopyFilesBuildPhase section */
		BA4126CE21E3DECF0058E737 /* Embed Frameworks */ = {
			isa = PBXCopyFilesBuildPhase;
			buildActionMask = 2147483647;
			dstPath = "";
			dstSubfolderSpec = 10;
			files = (
				BA4126C521E3DECE0058E737 /* SmartpushSDK.framework in Embed Frameworks */,
			);
			name = "Embed Frameworks";
			runOnlyForDeploymentPostprocessing = 0;
		};
		BA4126CF21E3DECF0058E737 /* Embed App Extensions */ = {
			isa = PBXCopyFilesBuildPhase;
			buildActionMask = 2147483647;
			dstPath = "";
			dstSubfolderSpec = 13;
			files = (
				BA4126C821E3DECE0058E737 /* SmartpushNotificationExtension.appex in Embed App Extensions */,
				BA4126CB21E3DECE0058E737 /* SmartpushNotificationContent.appex in Embed App Extensions */,
			);
			name = "Embed App Extensions";
			runOnlyForDeploymentPostprocessing = 0;
		};
/* End PBXCopyFilesBuildPhase section */

/* Begin PBXFileReference section */
		0BE72C1D5148D04AA732310F /* Pods-ios-smartpush-demo.debug.xcconfig */ = {isa = PBXFileReference; includeInIndex = 1; lastKnownFileType = text.xcconfig; name = "Pods-ios-smartpush-demo.debug.xcconfig"; path = "Pods/Target Support Files/Pods-ios-smartpush-demo/Pods-ios-smartpush-demo.debug.xcconfig"; sourceTree = "<group>"; };
		13D33ECA0557FCC5F2529FF8 /* Pods-ios-smartpush-demoTests.debug.xcconfig */ = {isa = PBXFileReference; includeInIndex = 1; lastKnownFileType = text.xcconfig; name = "Pods-ios-smartpush-demoTests.debug.xcconfig"; path = "Pods/Target Support Files/Pods-ios-smartpush-demoTests/Pods-ios-smartpush-demoTests.debug.xcconfig"; sourceTree = "<group>"; };
		3CEDD8A3AD9CE74D8EF20BC7 /* Pods-ios-smartpush-demoUITests.release.xcconfig */ = {isa = PBXFileReference; includeInIndex = 1; lastKnownFileType = text.xcconfig; name = "Pods-ios-smartpush-demoUITests.release.xcconfig"; path = "Pods/Target Support Files/Pods-ios-smartpush-demoUITests/Pods-ios-smartpush-demoUITests.release.xcconfig"; sourceTree = "<group>"; };
		A6CCA549850FEB2974DBF843 /* Pods-ios-smartpush-demoTests.release.xcconfig */ = {isa = PBXFileReference; includeInIndex = 1; lastKnownFileType = text.xcconfig; name = "Pods-ios-smartpush-demoTests.release.xcconfig"; path = "Pods/Target Support Files/Pods-ios-smartpush-demoTests/Pods-ios-smartpush-demoTests.release.xcconfig"; sourceTree = "<group>"; };
		A7D93D9B594C712ADCA9D526 /* Pods-ios-smartpush-demo.release.xcconfig */ = {isa = PBXFileReference; includeInIndex = 1; lastKnownFileType = text.xcconfig; name = "Pods-ios-smartpush-demo.release.xcconfig"; path = "Pods/Target Support Files/Pods-ios-smartpush-demo/Pods-ios-smartpush-demo.release.xcconfig"; sourceTree = "<group>"; };
		BA41266C21C414AC0058E737 /* SideMenuTableViewController.swift */ = {isa = PBXFileReference; lastKnownFileType = sourcecode.swift; path = SideMenuTableViewController.swift; sourceTree = "<group>"; };
		BA4126B821E3DB190058E737 /* SmartpushSDK.xcodeproj */ = {isa = PBXFileReference; lastKnownFileType = "wrapper.pb-project"; name = SmartpushSDK.xcodeproj; path = ../SmartpushSDKiOS/SmartpushSDK.xcodeproj; sourceTree = "<group>"; };
		BA4126D021E3DFBF0058E737 /* ios-smartpush-demo.entitlements */ = {isa = PBXFileReference; lastKnownFileType = text.plist.entitlements; path = "ios-smartpush-demo.entitlements"; sourceTree = "<group>"; };
		BA4126D321E3E7320058E737 /* Bridging-Header.h */ = {isa = PBXFileReference; lastKnownFileType = sourcecode.c.h; path = "Bridging-Header.h"; sourceTree = "<group>"; };
		BA4126DA21E4233E0058E737 /* TagsViewController.swift */ = {isa = PBXFileReference; lastKnownFileType = sourcecode.swift; path = TagsViewController.swift; sourceTree = "<group>"; };
		BA4705FA21E4D07C00529CBE /* InboxViewController.swift */ = {isa = PBXFileReference; lastKnownFileType = sourcecode.swift; path = InboxViewController.swift; sourceTree = "<group>"; };
		BA4705FC21E4D09000529CBE /* GeofenceViewController.swift */ = {isa = PBXFileReference; lastKnownFileType = sourcecode.swift; path = GeofenceViewController.swift; sourceTree = "<group>"; };
		BA47060121E5199900529CBE /* Geofence.swift */ = {isa = PBXFileReference; lastKnownFileType = sourcecode.swift; path = Geofence.swift; sourceTree = "<group>"; };
		BA47060421E51AE400529CBE /* AppUtils.swift */ = {isa = PBXFileReference; fileEncoding = 4; lastKnownFileType = sourcecode.swift; path = AppUtils.swift; sourceTree = "<group>"; };
		BA47060621E5267C00529CBE /* ShareViewController.swift */ = {isa = PBXFileReference; lastKnownFileType = sourcecode.swift; path = ShareViewController.swift; sourceTree = "<group>"; };
		BA47060821E526B400529CBE /* SendViewController.swift */ = {isa = PBXFileReference; lastKnownFileType = sourcecode.swift; path = SendViewController.swift; sourceTree = "<group>"; };
		BA47060A21E534F000529CBE /* NotificationTypesViewController.swift */ = {isa = PBXFileReference; lastKnownFileType = sourcecode.swift; path = NotificationTypesViewController.swift; sourceTree = "<group>"; };
		BA8C4CDD21E65BFA0099AE50 /* InboxCell.swift */ = {isa = PBXFileReference; lastKnownFileType = sourcecode.swift; path = InboxCell.swift; sourceTree = "<group>"; };
		BAE7D8D721C0245200FB9930 /* ios-smartpush-demo.app */ = {isa = PBXFileReference; explicitFileType = wrapper.application; includeInIndex = 0; path = "ios-smartpush-demo.app"; sourceTree = BUILT_PRODUCTS_DIR; };
		BAE7D8DA21C0245200FB9930 /* AppDelegate.swift */ = {isa = PBXFileReference; lastKnownFileType = sourcecode.swift; path = AppDelegate.swift; sourceTree = "<group>"; };
		BAE7D8DC21C0245200FB9930 /* HomeViewController.swift */ = {isa = PBXFileReference; lastKnownFileType = sourcecode.swift; path = HomeViewController.swift; sourceTree = "<group>"; };
		BAE7D8DF21C0245200FB9930 /* Base */ = {isa = PBXFileReference; lastKnownFileType = file.storyboard; name = Base; path = Base.lproj/Main.storyboard; sourceTree = "<group>"; };
		BAE7D8E121C0245500FB9930 /* Assets.xcassets */ = {isa = PBXFileReference; lastKnownFileType = folder.assetcatalog; path = Assets.xcassets; sourceTree = "<group>"; };
		BAE7D8E421C0245500FB9930 /* Base */ = {isa = PBXFileReference; lastKnownFileType = file.storyboard; name = Base; path = Base.lproj/LaunchScreen.storyboard; sourceTree = "<group>"; };
		BAE7D8E621C0245500FB9930 /* Info.plist */ = {isa = PBXFileReference; lastKnownFileType = text.plist.xml; path = Info.plist; sourceTree = "<group>"; };
		BAE7D8EB21C0245500FB9930 /* ios-smartpush-demoTests.xctest */ = {isa = PBXFileReference; explicitFileType = wrapper.cfbundle; includeInIndex = 0; path = "ios-smartpush-demoTests.xctest"; sourceTree = BUILT_PRODUCTS_DIR; };
		BAE7D8EF21C0245500FB9930 /* ios_smartpush_demoTests.swift */ = {isa = PBXFileReference; lastKnownFileType = sourcecode.swift; path = ios_smartpush_demoTests.swift; sourceTree = "<group>"; };
		BAE7D8F121C0245500FB9930 /* Info.plist */ = {isa = PBXFileReference; lastKnownFileType = text.plist.xml; path = Info.plist; sourceTree = "<group>"; };
		BAE7D8F621C0245500FB9930 /* ios-smartpush-demoUITests.xctest */ = {isa = PBXFileReference; explicitFileType = wrapper.cfbundle; includeInIndex = 0; path = "ios-smartpush-demoUITests.xctest"; sourceTree = BUILT_PRODUCTS_DIR; };
		BAE7D8FA21C0245500FB9930 /* ios_smartpush_demoUITests.swift */ = {isa = PBXFileReference; lastKnownFileType = sourcecode.swift; path = ios_smartpush_demoUITests.swift; sourceTree = "<group>"; };
		BAE7D8FC21C0245500FB9930 /* Info.plist */ = {isa = PBXFileReference; lastKnownFileType = text.plist.xml; path = Info.plist; sourceTree = "<group>"; };
		C46171A534F41C91CB9F62DB /* Pods-ios-smartpush-demoUITests.debug.xcconfig */ = {isa = PBXFileReference; includeInIndex = 1; lastKnownFileType = text.xcconfig; name = "Pods-ios-smartpush-demoUITests.debug.xcconfig"; path = "Pods/Target Support Files/Pods-ios-smartpush-demoUITests/Pods-ios-smartpush-demoUITests.debug.xcconfig"; sourceTree = "<group>"; };
		E961BE1E269FA3741D0F7EDE /* Pods_ios_smartpush_demoTests.framework */ = {isa = PBXFileReference; explicitFileType = wrapper.framework; includeInIndex = 0; path = Pods_ios_smartpush_demoTests.framework; sourceTree = BUILT_PRODUCTS_DIR; };
		F4DCC51D14A1C42AF146B03F /* Pods_ios_smartpush_demoUITests.framework */ = {isa = PBXFileReference; explicitFileType = wrapper.framework; includeInIndex = 0; path = Pods_ios_smartpush_demoUITests.framework; sourceTree = BUILT_PRODUCTS_DIR; };
		FEE4639A842CCD447C02A510 /* Pods_ios_smartpush_demo.framework */ = {isa = PBXFileReference; explicitFileType = wrapper.framework; includeInIndex = 0; path = Pods_ios_smartpush_demo.framework; sourceTree = BUILT_PRODUCTS_DIR; };
/* End PBXFileReference section */

/* Begin PBXFrameworksBuildPhase section */
		BAE7D8D421C0245200FB9930 /* Frameworks */ = {
			isa = PBXFrameworksBuildPhase;
			buildActionMask = 2147483647;
			files = (
				B4456EE7174CF3534A7E3FE1 /* Pods_ios_smartpush_demo.framework in Frameworks */,
				BA4126C421E3DECE0058E737 /* SmartpushSDK.framework in Frameworks */,
			);
			runOnlyForDeploymentPostprocessing = 0;
		};
		BAE7D8E821C0245500FB9930 /* Frameworks */ = {
			isa = PBXFrameworksBuildPhase;
			buildActionMask = 2147483647;
			files = (
				0113C82DD06D00F5F9570502 /* Pods_ios_smartpush_demoTests.framework in Frameworks */,
			);
			runOnlyForDeploymentPostprocessing = 0;
		};
		BAE7D8F321C0245500FB9930 /* Frameworks */ = {
			isa = PBXFrameworksBuildPhase;
			buildActionMask = 2147483647;
			files = (
				BAAA7EF1E02F6C33546CCA1D /* Pods_ios_smartpush_demoUITests.framework in Frameworks */,
			);
			runOnlyForDeploymentPostprocessing = 0;
		};
/* End PBXFrameworksBuildPhase section */

/* Begin PBXGroup section */
		3ECCCFCB41DFC7B6CD788D3B /* Frameworks */ = {
			isa = PBXGroup;
			children = (
				FEE4639A842CCD447C02A510 /* Pods_ios_smartpush_demo.framework */,
				E961BE1E269FA3741D0F7EDE /* Pods_ios_smartpush_demoTests.framework */,
				F4DCC51D14A1C42AF146B03F /* Pods_ios_smartpush_demoUITests.framework */,
			);
			name = Frameworks;
			sourceTree = "<group>";
		};
		BA4126B921E3DB190058E737 /* Products */ = {
			isa = PBXGroup;
			children = (
				BA4126BF21E3DB1A0058E737 /* SmartpushSDK.framework */,
				BA4126C121E3DB1A0058E737 /* SmartpushNotificationExtension.appex */,
				BA4126C321E3DB1A0058E737 /* SmartpushNotificationContent.appex */,
			);
			name = Products;
			sourceTree = "<group>";
		};
		BA47060C21E534FE00529CBE /* Model */ = {
			isa = PBXGroup;
			children = (
				BA47060121E5199900529CBE /* Geofence.swift */,
				BA47060421E51AE400529CBE /* AppUtils.swift */,
			);
			path = Model;
			sourceTree = "<group>";
		};
		BA47060D21E5350C00529CBE /* Views */ = {
			isa = PBXGroup;
			children = (
				BAE7D8DE21C0245200FB9930 /* Main.storyboard */,
				BA8C4CDD21E65BFA0099AE50 /* InboxCell.swift */,
			);
			path = Views;
			sourceTree = "<group>";
		};
		BAE7D8CE21C0245200FB9930 = {
			isa = PBXGroup;
			children = (
				BA4126D321E3E7320058E737 /* Bridging-Header.h */,
				BA4126B821E3DB190058E737 /* SmartpushSDK.xcodeproj */,
				BAE7D8D921C0245200FB9930 /* ios-smartpush-demo */,
				BAE7D8EE21C0245500FB9930 /* ios-smartpush-demoTests */,
				BAE7D8F921C0245500FB9930 /* ios-smartpush-demoUITests */,
				BAE7D8D821C0245200FB9930 /* Products */,
				DB0753CFBAAB739EC9D924C0 /* Pods */,
				3ECCCFCB41DFC7B6CD788D3B /* Frameworks */,
			);
			sourceTree = "<group>";
		};
		BAE7D8D821C0245200FB9930 /* Products */ = {
			isa = PBXGroup;
			children = (
				BAE7D8D721C0245200FB9930 /* ios-smartpush-demo.app */,
				BAE7D8EB21C0245500FB9930 /* ios-smartpush-demoTests.xctest */,
				BAE7D8F621C0245500FB9930 /* ios-smartpush-demoUITests.xctest */,
			);
			name = Products;
			sourceTree = "<group>";
		};
		BAE7D8D921C0245200FB9930 /* ios-smartpush-demo */ = {
			isa = PBXGroup;
			children = (
				BA4126D021E3DFBF0058E737 /* ios-smartpush-demo.entitlements */,
				BAE7D8DA21C0245200FB9930 /* AppDelegate.swift */,
				BA47060C21E534FE00529CBE /* Model */,
				BA47060D21E5350C00529CBE /* Views */,
				BAE99EC021C3D6CC00023B21 /* Controllers */,
				BAE7D8E121C0245500FB9930 /* Assets.xcassets */,
				BAE7D8E321C0245500FB9930 /* LaunchScreen.storyboard */,
				BAE7D8E621C0245500FB9930 /* Info.plist */,
			);
			path = "ios-smartpush-demo";
			sourceTree = "<group>";
		};
		BAE7D8EE21C0245500FB9930 /* ios-smartpush-demoTests */ = {
			isa = PBXGroup;
			children = (
				BAE7D8EF21C0245500FB9930 /* ios_smartpush_demoTests.swift */,
				BAE7D8F121C0245500FB9930 /* Info.plist */,
			);
			path = "ios-smartpush-demoTests";
			sourceTree = "<group>";
		};
		BAE7D8F921C0245500FB9930 /* ios-smartpush-demoUITests */ = {
			isa = PBXGroup;
			children = (
				BAE7D8FA21C0245500FB9930 /* ios_smartpush_demoUITests.swift */,
				BAE7D8FC21C0245500FB9930 /* Info.plist */,
			);
			path = "ios-smartpush-demoUITests";
			sourceTree = "<group>";
		};
		BAE99EC021C3D6CC00023B21 /* Controllers */ = {
			isa = PBXGroup;
			children = (
				BA41266C21C414AC0058E737 /* SideMenuTableViewController.swift */,
				BAE7D8DC21C0245200FB9930 /* HomeViewController.swift */,
				BA4126DA21E4233E0058E737 /* TagsViewController.swift */,
				BA4705FA21E4D07C00529CBE /* InboxViewController.swift */,
				BA4705FC21E4D09000529CBE /* GeofenceViewController.swift */,
				BA47060621E5267C00529CBE /* ShareViewController.swift */,
				BA47060821E526B400529CBE /* SendViewController.swift */,
				BA47060A21E534F000529CBE /* NotificationTypesViewController.swift */,
			);
			path = Controllers;
			sourceTree = "<group>";
		};
		DB0753CFBAAB739EC9D924C0 /* Pods */ = {
			isa = PBXGroup;
			children = (
				0BE72C1D5148D04AA732310F /* Pods-ios-smartpush-demo.debug.xcconfig */,
				A7D93D9B594C712ADCA9D526 /* Pods-ios-smartpush-demo.release.xcconfig */,
				13D33ECA0557FCC5F2529FF8 /* Pods-ios-smartpush-demoTests.debug.xcconfig */,
				A6CCA549850FEB2974DBF843 /* Pods-ios-smartpush-demoTests.release.xcconfig */,
				C46171A534F41C91CB9F62DB /* Pods-ios-smartpush-demoUITests.debug.xcconfig */,
				3CEDD8A3AD9CE74D8EF20BC7 /* Pods-ios-smartpush-demoUITests.release.xcconfig */,
			);
			name = Pods;
			sourceTree = "<group>";
		};
/* End PBXGroup section */

/* Begin PBXNativeTarget section */
		BAE7D8D621C0245200FB9930 /* ios-smartpush-demo */ = {
			isa = PBXNativeTarget;
			buildConfigurationList = BAE7D8FF21C0245500FB9930 /* Build configuration list for PBXNativeTarget "ios-smartpush-demo" */;
			buildPhases = (
				1C8530199AB4D98FCD804DF5 /* [CP] Check Pods Manifest.lock */,
				BAE7D8D321C0245200FB9930 /* Sources */,
				BAE7D8D421C0245200FB9930 /* Frameworks */,
				BAE7D8D521C0245200FB9930 /* Resources */,
				98BFC066ABE39A379AAE4F1F /* [CP] Embed Pods Frameworks */,
				BA4126CE21E3DECF0058E737 /* Embed Frameworks */,
				BA4126CF21E3DECF0058E737 /* Embed App Extensions */,
				C5A4A6D0929A7DEF2FA6CD47 /* [CP] Copy Pods Resources */,
			);
			buildRules = (
			);
			dependencies = (
				BA4126C721E3DECE0058E737 /* PBXTargetDependency */,
				BA4126CA21E3DECE0058E737 /* PBXTargetDependency */,
				BA4126CD21E3DECE0058E737 /* PBXTargetDependency */,
			);
			name = "ios-smartpush-demo";
			productName = "ios-smartpush-demo";
			productReference = BAE7D8D721C0245200FB9930 /* ios-smartpush-demo.app */;
			productType = "com.apple.product-type.application";
		};
		BAE7D8EA21C0245500FB9930 /* ios-smartpush-demoTests */ = {
			isa = PBXNativeTarget;
			buildConfigurationList = BAE7D90221C0245500FB9930 /* Build configuration list for PBXNativeTarget "ios-smartpush-demoTests" */;
			buildPhases = (
				BBC54CE61D39D1A91537CC73 /* [CP] Check Pods Manifest.lock */,
				BAE7D8E721C0245500FB9930 /* Sources */,
				BAE7D8E821C0245500FB9930 /* Frameworks */,
				BAE7D8E921C0245500FB9930 /* Resources */,
			);
			buildRules = (
			);
			dependencies = (
				BAE7D8ED21C0245500FB9930 /* PBXTargetDependency */,
			);
			name = "ios-smartpush-demoTests";
			productName = "ios-smartpush-demoTests";
			productReference = BAE7D8EB21C0245500FB9930 /* ios-smartpush-demoTests.xctest */;
			productType = "com.apple.product-type.bundle.unit-test";
		};
		BAE7D8F521C0245500FB9930 /* ios-smartpush-demoUITests */ = {
			isa = PBXNativeTarget;
			buildConfigurationList = BAE7D90521C0245500FB9930 /* Build configuration list for PBXNativeTarget "ios-smartpush-demoUITests" */;
			buildPhases = (
				52B4B3DB7E0F082C9CDFA13C /* [CP] Check Pods Manifest.lock */,
				BAE7D8F221C0245500FB9930 /* Sources */,
				BAE7D8F321C0245500FB9930 /* Frameworks */,
				BAE7D8F421C0245500FB9930 /* Resources */,
			);
			buildRules = (
			);
			dependencies = (
				BAE7D8F821C0245500FB9930 /* PBXTargetDependency */,
			);
			name = "ios-smartpush-demoUITests";
			productName = "ios-smartpush-demoUITests";
			productReference = BAE7D8F621C0245500FB9930 /* ios-smartpush-demoUITests.xctest */;
			productType = "com.apple.product-type.bundle.ui-testing";
		};
/* End PBXNativeTarget section */

/* Begin PBXProject section */
		BAE7D8CF21C0245200FB9930 /* Project object */ = {
			isa = PBXProject;
			attributes = {
				LastSwiftUpdateCheck = 1010;
				LastUpgradeCheck = 1010;
				ORGANIZATIONNAME = "Carlos Correa";
				TargetAttributes = {
					BAE7D8D621C0245200FB9930 = {
						CreatedOnToolsVersion = 10.1;
						SystemCapabilities = {
							com.apple.ApplicationGroups.iOS = {
								enabled = 1;
							};
							com.apple.Push = {
								enabled = 1;
							};
						};
					};
					BAE7D8EA21C0245500FB9930 = {
						CreatedOnToolsVersion = 10.1;
						TestTargetID = BAE7D8D621C0245200FB9930;
					};
					BAE7D8F521C0245500FB9930 = {
						CreatedOnToolsVersion = 10.1;
						TestTargetID = BAE7D8D621C0245200FB9930;
					};
				};
			};
			buildConfigurationList = BAE7D8D221C0245200FB9930 /* Build configuration list for PBXProject "ios-smartpush-demo" */;
			compatibilityVersion = "Xcode 9.3";
			developmentRegion = en;
			hasScannedForEncodings = 0;
			knownRegions = (
				en,
				Base,
			);
			mainGroup = BAE7D8CE21C0245200FB9930;
			productRefGroup = BAE7D8D821C0245200FB9930 /* Products */;
			projectDirPath = "";
			projectReferences = (
				{
					ProductGroup = BA4126B921E3DB190058E737 /* Products */;
					ProjectRef = BA4126B821E3DB190058E737 /* SmartpushSDK.xcodeproj */;
				},
			);
			projectRoot = "";
			targets = (
				BAE7D8D621C0245200FB9930 /* ios-smartpush-demo */,
				BAE7D8EA21C0245500FB9930 /* ios-smartpush-demoTests */,
				BAE7D8F521C0245500FB9930 /* ios-smartpush-demoUITests */,
			);
		};
/* End PBXProject section */

/* Begin PBXReferenceProxy section */
		BA4126BF21E3DB1A0058E737 /* SmartpushSDK.framework */ = {
			isa = PBXReferenceProxy;
			fileType = wrapper.framework;
			path = SmartpushSDK.framework;
			remoteRef = BA4126BE21E3DB1A0058E737 /* PBXContainerItemProxy */;
			sourceTree = BUILT_PRODUCTS_DIR;
		};
		BA4126C121E3DB1A0058E737 /* SmartpushNotificationExtension.appex */ = {
			isa = PBXReferenceProxy;
			fileType = "wrapper.app-extension";
			path = SmartpushNotificationExtension.appex;
			remoteRef = BA4126C021E3DB1A0058E737 /* PBXContainerItemProxy */;
			sourceTree = BUILT_PRODUCTS_DIR;
		};
		BA4126C321E3DB1A0058E737 /* SmartpushNotificationContent.appex */ = {
			isa = PBXReferenceProxy;
			fileType = "wrapper.app-extension";
			path = SmartpushNotificationContent.appex;
			remoteRef = BA4126C221E3DB1A0058E737 /* PBXContainerItemProxy */;
			sourceTree = BUILT_PRODUCTS_DIR;
		};
/* End PBXReferenceProxy section */

/* Begin PBXResourcesBuildPhase section */
		BAE7D8D521C0245200FB9930 /* Resources */ = {
			isa = PBXResourcesBuildPhase;
			buildActionMask = 2147483647;
			files = (
				BAE7D8E521C0245500FB9930 /* LaunchScreen.storyboard in Resources */,
				BAE7D8E221C0245500FB9930 /* Assets.xcassets in Resources */,
				BAE7D8E021C0245200FB9930 /* Main.storyboard in Resources */,
			);
			runOnlyForDeploymentPostprocessing = 0;
		};
		BAE7D8E921C0245500FB9930 /* Resources */ = {
			isa = PBXResourcesBuildPhase;
			buildActionMask = 2147483647;
			files = (
			);
			runOnlyForDeploymentPostprocessing = 0;
		};
		BAE7D8F421C0245500FB9930 /* Resources */ = {
			isa = PBXResourcesBuildPhase;
			buildActionMask = 2147483647;
			files = (
			);
			runOnlyForDeploymentPostprocessing = 0;
		};
/* End PBXResourcesBuildPhase section */

/* Begin PBXShellScriptBuildPhase section */
		1C8530199AB4D98FCD804DF5 /* [CP] Check Pods Manifest.lock */ = {
			isa = PBXShellScriptBuildPhase;
			buildActionMask = 2147483647;
			files = (
			);
			inputFileListPaths = (
			);
			inputPaths = (
				"${PODS_PODFILE_DIR_PATH}/Podfile.lock",
				"${PODS_ROOT}/Manifest.lock",
			);
			name = "[CP] Check Pods Manifest.lock";
			outputFileListPaths = (
			);
			outputPaths = (
				"$(DERIVED_FILE_DIR)/Pods-ios-smartpush-demo-checkManifestLockResult.txt",
			);
			runOnlyForDeploymentPostprocessing = 0;
			shellPath = /bin/sh;
			shellScript = "diff \"${PODS_PODFILE_DIR_PATH}/Podfile.lock\" \"${PODS_ROOT}/Manifest.lock\" > /dev/null\nif [ $? != 0 ] ; then\n    # print error to STDERR\n    echo \"error: The sandbox is not in sync with the Podfile.lock. Run 'pod install' or update your CocoaPods installation.\" >&2\n    exit 1\nfi\n# This output is used by Xcode 'outputs' to avoid re-running this script phase.\necho \"SUCCESS\" > \"${SCRIPT_OUTPUT_FILE_0}\"\n";
			showEnvVarsInLog = 0;
		};
		52B4B3DB7E0F082C9CDFA13C /* [CP] Check Pods Manifest.lock */ = {
			isa = PBXShellScriptBuildPhase;
			buildActionMask = 2147483647;
			files = (
			);
			inputFileListPaths = (
			);
			inputPaths = (
				"${PODS_PODFILE_DIR_PATH}/Podfile.lock",
				"${PODS_ROOT}/Manifest.lock",
			);
			name = "[CP] Check Pods Manifest.lock";
			outputFileListPaths = (
			);
			outputPaths = (
				"$(DERIVED_FILE_DIR)/Pods-ios-smartpush-demoUITests-checkManifestLockResult.txt",
			);
			runOnlyForDeploymentPostprocessing = 0;
			shellPath = /bin/sh;
			shellScript = "diff \"${PODS_PODFILE_DIR_PATH}/Podfile.lock\" \"${PODS_ROOT}/Manifest.lock\" > /dev/null\nif [ $? != 0 ] ; then\n    # print error to STDERR\n    echo \"error: The sandbox is not in sync with the Podfile.lock. Run 'pod install' or update your CocoaPods installation.\" >&2\n    exit 1\nfi\n# This output is used by Xcode 'outputs' to avoid re-running this script phase.\necho \"SUCCESS\" > \"${SCRIPT_OUTPUT_FILE_0}\"\n";
			showEnvVarsInLog = 0;
		};
		98BFC066ABE39A379AAE4F1F /* [CP] Embed Pods Frameworks */ = {
			isa = PBXShellScriptBuildPhase;
			buildActionMask = 2147483647;
			files = (
			);
			inputFileListPaths = (
			);
			inputPaths = (
				"${SRCROOT}/Pods/Target Support Files/Pods-ios-smartpush-demo/Pods-ios-smartpush-demo-frameworks.sh",
				"${BUILT_PRODUCTS_DIR}/GoogleUtilities/GoogleUtilities.framework",
				"${BUILT_PRODUCTS_DIR}/Kingfisher/Kingfisher.framework",
				"${BUILT_PRODUCTS_DIR}/SideMenu/SideMenu.framework",
				"${BUILT_PRODUCTS_DIR}/nanopb/nanopb.framework",
			);
			name = "[CP] Embed Pods Frameworks";
			outputFileListPaths = (
			);
			outputPaths = (
				"${TARGET_BUILD_DIR}/${FRAMEWORKS_FOLDER_PATH}/GoogleUtilities.framework",
				"${TARGET_BUILD_DIR}/${FRAMEWORKS_FOLDER_PATH}/Kingfisher.framework",
				"${TARGET_BUILD_DIR}/${FRAMEWORKS_FOLDER_PATH}/SideMenu.framework",
				"${TARGET_BUILD_DIR}/${FRAMEWORKS_FOLDER_PATH}/nanopb.framework",
			);
			runOnlyForDeploymentPostprocessing = 0;
			shellPath = /bin/sh;
			shellScript = "\"${SRCROOT}/Pods/Target Support Files/Pods-ios-smartpush-demo/Pods-ios-smartpush-demo-frameworks.sh\"\n";
			showEnvVarsInLog = 0;
		};
		BBC54CE61D39D1A91537CC73 /* [CP] Check Pods Manifest.lock */ = {
			isa = PBXShellScriptBuildPhase;
			buildActionMask = 2147483647;
			files = (
			);
			inputFileListPaths = (
			);
			inputPaths = (
				"${PODS_PODFILE_DIR_PATH}/Podfile.lock",
				"${PODS_ROOT}/Manifest.lock",
			);
			name = "[CP] Check Pods Manifest.lock";
			outputFileListPaths = (
			);
			outputPaths = (
				"$(DERIVED_FILE_DIR)/Pods-ios-smartpush-demoTests-checkManifestLockResult.txt",
			);
			runOnlyForDeploymentPostprocessing = 0;
			shellPath = /bin/sh;
			shellScript = "diff \"${PODS_PODFILE_DIR_PATH}/Podfile.lock\" \"${PODS_ROOT}/Manifest.lock\" > /dev/null\nif [ $? != 0 ] ; then\n    # print error to STDERR\n    echo \"error: The sandbox is not in sync with the Podfile.lock. Run 'pod install' or update your CocoaPods installation.\" >&2\n    exit 1\nfi\n# This output is used by Xcode 'outputs' to avoid re-running this script phase.\necho \"SUCCESS\" > \"${SCRIPT_OUTPUT_FILE_0}\"\n";
			showEnvVarsInLog = 0;
		};
		C5A4A6D0929A7DEF2FA6CD47 /* [CP] Copy Pods Resources */ = {
			isa = PBXShellScriptBuildPhase;
			buildActionMask = 2147483647;
			files = (
			);
			inputFileListPaths = (
			);
			inputPaths = (
				"${SRCROOT}/Pods/Target Support Files/Pods-ios-smartpush-demo/Pods-ios-smartpush-demo-resources.sh",
				"${PODS_ROOT}/GoogleMaps/Maps/Frameworks/GoogleMaps.framework/Resources/GoogleMaps.bundle",
				"${PODS_ROOT}/GooglePlaces/Frameworks/GooglePlaces.framework/Resources/GooglePlaces.bundle",
			);
			name = "[CP] Copy Pods Resources";
			outputFileListPaths = (
			);
			outputPaths = (
				"${TARGET_BUILD_DIR}/${UNLOCALIZED_RESOURCES_FOLDER_PATH}/GoogleMaps.bundle",
				"${TARGET_BUILD_DIR}/${UNLOCALIZED_RESOURCES_FOLDER_PATH}/GooglePlaces.bundle",
			);
			runOnlyForDeploymentPostprocessing = 0;
			shellPath = /bin/sh;
			shellScript = "\"${SRCROOT}/Pods/Target Support Files/Pods-ios-smartpush-demo/Pods-ios-smartpush-demo-resources.sh\"\n";
			showEnvVarsInLog = 0;
		};
/* End PBXShellScriptBuildPhase section */

/* Begin PBXSourcesBuildPhase section */
		BAE7D8D321C0245200FB9930 /* Sources */ = {
			isa = PBXSourcesBuildPhase;
			buildActionMask = 2147483647;
			files = (
				BA4705FB21E4D07C00529CBE /* InboxViewController.swift in Sources */,
				BA47060B21E534F000529CBE /* NotificationTypesViewController.swift in Sources */,
				BA8C4CDE21E65BFA0099AE50 /* InboxCell.swift in Sources */,
				BAE7D8DD21C0245200FB9930 /* HomeViewController.swift in Sources */,
				BA4705FD21E4D09000529CBE /* GeofenceViewController.swift in Sources */,
				BA47060521E51AE500529CBE /* AppUtils.swift in Sources */,
				BA4126DB21E4233E0058E737 /* TagsViewController.swift in Sources */,
				BA41266D21C414AC0058E737 /* SideMenuTableViewController.swift in Sources */,
				BA47060721E5267C00529CBE /* ShareViewController.swift in Sources */,
				BAE7D8DB21C0245200FB9930 /* AppDelegate.swift in Sources */,
				BA47060921E526B400529CBE /* SendViewController.swift in Sources */,
				BA47060221E5199900529CBE /* Geofence.swift in Sources */,
			);
			runOnlyForDeploymentPostprocessing = 0;
		};
		BAE7D8E721C0245500FB9930 /* Sources */ = {
			isa = PBXSourcesBuildPhase;
			buildActionMask = 2147483647;
			files = (
				BAE7D8F021C0245500FB9930 /* ios_smartpush_demoTests.swift in Sources */,
			);
			runOnlyForDeploymentPostprocessing = 0;
		};
		BAE7D8F221C0245500FB9930 /* Sources */ = {
			isa = PBXSourcesBuildPhase;
			buildActionMask = 2147483647;
			files = (
				BAE7D8FB21C0245500FB9930 /* ios_smartpush_demoUITests.swift in Sources */,
			);
			runOnlyForDeploymentPostprocessing = 0;
		};
/* End PBXSourcesBuildPhase section */

/* Begin PBXTargetDependency section */
		BA4126C721E3DECE0058E737 /* PBXTargetDependency */ = {
			isa = PBXTargetDependency;
			name = SmartpushSDK;
			targetProxy = BA4126C621E3DECE0058E737 /* PBXContainerItemProxy */;
		};
		BA4126CA21E3DECE0058E737 /* PBXTargetDependency */ = {
			isa = PBXTargetDependency;
			name = SmartpushNotificationExtension;
			targetProxy = BA4126C921E3DECE0058E737 /* PBXContainerItemProxy */;
		};
		BA4126CD21E3DECE0058E737 /* PBXTargetDependency */ = {
			isa = PBXTargetDependency;
			name = SmartpushNotificationContent;
			targetProxy = BA4126CC21E3DECE0058E737 /* PBXContainerItemProxy */;
		};
		BAE7D8ED21C0245500FB9930 /* PBXTargetDependency */ = {
			isa = PBXTargetDependency;
			target = BAE7D8D621C0245200FB9930 /* ios-smartpush-demo */;
			targetProxy = BAE7D8EC21C0245500FB9930 /* PBXContainerItemProxy */;
		};
		BAE7D8F821C0245500FB9930 /* PBXTargetDependency */ = {
			isa = PBXTargetDependency;
			target = BAE7D8D621C0245200FB9930 /* ios-smartpush-demo */;
			targetProxy = BAE7D8F721C0245500FB9930 /* PBXContainerItemProxy */;
		};
/* End PBXTargetDependency section */

/* Begin PBXVariantGroup section */
		BAE7D8DE21C0245200FB9930 /* Main.storyboard */ = {
			isa = PBXVariantGroup;
			children = (
				BAE7D8DF21C0245200FB9930 /* Base */,
			);
			name = Main.storyboard;
			sourceTree = "<group>";
		};
		BAE7D8E321C0245500FB9930 /* LaunchScreen.storyboard */ = {
			isa = PBXVariantGroup;
			children = (
				BAE7D8E421C0245500FB9930 /* Base */,
			);
			name = LaunchScreen.storyboard;
			sourceTree = "<group>";
		};
/* End PBXVariantGroup section */

/* Begin XCBuildConfiguration section */
		BAE7D8FD21C0245500FB9930 /* Debug */ = {
			isa = XCBuildConfiguration;
			buildSettings = {
				ALWAYS_SEARCH_USER_PATHS = NO;
				CLANG_ANALYZER_NONNULL = YES;
				CLANG_ANALYZER_NUMBER_OBJECT_CONVERSION = YES_AGGRESSIVE;
				CLANG_CXX_LANGUAGE_STANDARD = "gnu++14";
				CLANG_CXX_LIBRARY = "libc++";
				CLANG_ENABLE_MODULES = YES;
				CLANG_ENABLE_OBJC_ARC = YES;
				CLANG_ENABLE_OBJC_WEAK = YES;
				CLANG_WARN_BLOCK_CAPTURE_AUTORELEASING = YES;
				CLANG_WARN_BOOL_CONVERSION = YES;
				CLANG_WARN_COMMA = YES;
				CLANG_WARN_CONSTANT_CONVERSION = YES;
				CLANG_WARN_DEPRECATED_OBJC_IMPLEMENTATIONS = YES;
				CLANG_WARN_DIRECT_OBJC_ISA_USAGE = YES_ERROR;
				CLANG_WARN_DOCUMENTATION_COMMENTS = YES;
				CLANG_WARN_EMPTY_BODY = YES;
				CLANG_WARN_ENUM_CONVERSION = YES;
				CLANG_WARN_INFINITE_RECURSION = YES;
				CLANG_WARN_INT_CONVERSION = YES;
				CLANG_WARN_NON_LITERAL_NULL_CONVERSION = YES;
				CLANG_WARN_OBJC_IMPLICIT_RETAIN_SELF = YES;
				CLANG_WARN_OBJC_LITERAL_CONVERSION = YES;
				CLANG_WARN_OBJC_ROOT_CLASS = YES_ERROR;
				CLANG_WARN_RANGE_LOOP_ANALYSIS = YES;
				CLANG_WARN_STRICT_PROTOTYPES = YES;
				CLANG_WARN_SUSPICIOUS_MOVE = YES;
				CLANG_WARN_UNGUARDED_AVAILABILITY = YES_AGGRESSIVE;
				CLANG_WARN_UNREACHABLE_CODE = YES;
				CLANG_WARN__DUPLICATE_METHOD_MATCH = YES;
				CODE_SIGN_IDENTITY = "iPhone Developer";
				COPY_PHASE_STRIP = NO;
				DEBUG_INFORMATION_FORMAT = dwarf;
				ENABLE_STRICT_OBJC_MSGSEND = YES;
				ENABLE_TESTABILITY = YES;
				GCC_C_LANGUAGE_STANDARD = gnu11;
				GCC_DYNAMIC_NO_PIC = NO;
				GCC_NO_COMMON_BLOCKS = YES;
				GCC_OPTIMIZATION_LEVEL = 0;
				GCC_PREPROCESSOR_DEFINITIONS = (
					"DEBUG=1",
					"$(inherited)",
				);
				GCC_WARN_64_TO_32_BIT_CONVERSION = YES;
				GCC_WARN_ABOUT_RETURN_TYPE = YES_ERROR;
				GCC_WARN_UNDECLARED_SELECTOR = YES;
				GCC_WARN_UNINITIALIZED_AUTOS = YES_AGGRESSIVE;
				GCC_WARN_UNUSED_FUNCTION = YES;
				GCC_WARN_UNUSED_VARIABLE = YES;
				IPHONEOS_DEPLOYMENT_TARGET = 12.1;
				MTL_ENABLE_DEBUG_INFO = INCLUDE_SOURCE;
				MTL_FAST_MATH = YES;
				ONLY_ACTIVE_ARCH = YES;
				SDKROOT = iphoneos;
				SWIFT_ACTIVE_COMPILATION_CONDITIONS = DEBUG;
				SWIFT_OPTIMIZATION_LEVEL = "-Onone";
			};
			name = Debug;
		};
		BAE7D8FE21C0245500FB9930 /* Release */ = {
			isa = XCBuildConfiguration;
			buildSettings = {
				ALWAYS_SEARCH_USER_PATHS = NO;
				CLANG_ANALYZER_NONNULL = YES;
				CLANG_ANALYZER_NUMBER_OBJECT_CONVERSION = YES_AGGRESSIVE;
				CLANG_CXX_LANGUAGE_STANDARD = "gnu++14";
				CLANG_CXX_LIBRARY = "libc++";
				CLANG_ENABLE_MODULES = YES;
				CLANG_ENABLE_OBJC_ARC = YES;
				CLANG_ENABLE_OBJC_WEAK = YES;
				CLANG_WARN_BLOCK_CAPTURE_AUTORELEASING = YES;
				CLANG_WARN_BOOL_CONVERSION = YES;
				CLANG_WARN_COMMA = YES;
				CLANG_WARN_CONSTANT_CONVERSION = YES;
				CLANG_WARN_DEPRECATED_OBJC_IMPLEMENTATIONS = YES;
				CLANG_WARN_DIRECT_OBJC_ISA_USAGE = YES_ERROR;
				CLANG_WARN_DOCUMENTATION_COMMENTS = YES;
				CLANG_WARN_EMPTY_BODY = YES;
				CLANG_WARN_ENUM_CONVERSION = YES;
				CLANG_WARN_INFINITE_RECURSION = YES;
				CLANG_WARN_INT_CONVERSION = YES;
				CLANG_WARN_NON_LITERAL_NULL_CONVERSION = YES;
				CLANG_WARN_OBJC_IMPLICIT_RETAIN_SELF = YES;
				CLANG_WARN_OBJC_LITERAL_CONVERSION = YES;
				CLANG_WARN_OBJC_ROOT_CLASS = YES_ERROR;
				CLANG_WARN_RANGE_LOOP_ANALYSIS = YES;
				CLANG_WARN_STRICT_PROTOTYPES = YES;
				CLANG_WARN_SUSPICIOUS_MOVE = YES;
				CLANG_WARN_UNGUARDED_AVAILABILITY = YES_AGGRESSIVE;
				CLANG_WARN_UNREACHABLE_CODE = YES;
				CLANG_WARN__DUPLICATE_METHOD_MATCH = YES;
				CODE_SIGN_IDENTITY = "iPhone Developer";
				COPY_PHASE_STRIP = NO;
				DEBUG_INFORMATION_FORMAT = "dwarf-with-dsym";
				ENABLE_NS_ASSERTIONS = NO;
				ENABLE_STRICT_OBJC_MSGSEND = YES;
				GCC_C_LANGUAGE_STANDARD = gnu11;
				GCC_NO_COMMON_BLOCKS = YES;
				GCC_WARN_64_TO_32_BIT_CONVERSION = YES;
				GCC_WARN_ABOUT_RETURN_TYPE = YES_ERROR;
				GCC_WARN_UNDECLARED_SELECTOR = YES;
				GCC_WARN_UNINITIALIZED_AUTOS = YES_AGGRESSIVE;
				GCC_WARN_UNUSED_FUNCTION = YES;
				GCC_WARN_UNUSED_VARIABLE = YES;
				IPHONEOS_DEPLOYMENT_TARGET = 12.1;
				MTL_ENABLE_DEBUG_INFO = NO;
				MTL_FAST_MATH = YES;
				SDKROOT = iphoneos;
				SWIFT_COMPILATION_MODE = wholemodule;
				SWIFT_OPTIMIZATION_LEVEL = "-O";
				VALIDATE_PRODUCT = YES;
			};
			name = Release;
		};
		BAE7D90021C0245500FB9930 /* Debug */ = {
			isa = XCBuildConfiguration;
			baseConfigurationReference = 0BE72C1D5148D04AA732310F /* Pods-ios-smartpush-demo.debug.xcconfig */;
			buildSettings = {
				ASSETCATALOG_COMPILER_APPICON_NAME = AppIcon;
				CODE_SIGN_ENTITLEMENTS = "ios-smartpush-demo/ios-smartpush-demo.entitlements";
				CODE_SIGN_STYLE = Automatic;
				DEVELOPMENT_TEAM = 7GGYTT3FER;
				ENABLE_BITCODE = NO;
				INFOPLIST_FILE = "ios-smartpush-demo/Info.plist";
				IPHONEOS_DEPLOYMENT_TARGET = 10.0;
				LD_RUNPATH_SEARCH_PATHS = (
					"$(inherited)",
					"@executable_path/Frameworks",
				);
				PRODUCT_BUNDLE_IDENTIFIER = "br.com.smartpush.ios-smartpush-sample";
				PRODUCT_NAME = "$(TARGET_NAME)";
				SWIFT_OBJC_BRIDGING_HEADER = "Bridging-Header.h";
				SWIFT_VERSION = 4.2;
				TARGETED_DEVICE_FAMILY = "1,2";
			};
			name = Debug;
		};
		BAE7D90121C0245500FB9930 /* Release */ = {
			isa = XCBuildConfiguration;
			baseConfigurationReference = A7D93D9B594C712ADCA9D526 /* Pods-ios-smartpush-demo.release.xcconfig */;
			buildSettings = {
				ASSETCATALOG_COMPILER_APPICON_NAME = AppIcon;
				CODE_SIGN_ENTITLEMENTS = "ios-smartpush-demo/ios-smartpush-demo.entitlements";
				CODE_SIGN_STYLE = Automatic;
				DEVELOPMENT_TEAM = 7GGYTT3FER;
				ENABLE_BITCODE = NO;
				INFOPLIST_FILE = "ios-smartpush-demo/Info.plist";
				IPHONEOS_DEPLOYMENT_TARGET = 10.0;
				LD_RUNPATH_SEARCH_PATHS = (
					"$(inherited)",
					"@executable_path/Frameworks",
				);
				PRODUCT_BUNDLE_IDENTIFIER = "br.com.smartpush.ios-smartpush-sample";
				PRODUCT_NAME = "$(TARGET_NAME)";
				SWIFT_OBJC_BRIDGING_HEADER = "Bridging-Header.h";
				SWIFT_VERSION = 4.2;
				TARGETED_DEVICE_FAMILY = "1,2";
			};
			name = Release;
		};
		BAE7D90321C0245500FB9930 /* Debug */ = {
			isa = XCBuildConfiguration;
			baseConfigurationReference = 13D33ECA0557FCC5F2529FF8 /* Pods-ios-smartpush-demoTests.debug.xcconfig */;
			buildSettings = {
				ALWAYS_EMBED_SWIFT_STANDARD_LIBRARIES = YES;
				BUNDLE_LOADER = "$(TEST_HOST)";
				CODE_SIGN_STYLE = Automatic;
				DEVELOPMENT_TEAM = 7GGYTT3FER;
				INFOPLIST_FILE = "ios-smartpush-demoTests/Info.plist";
				LD_RUNPATH_SEARCH_PATHS = (
					"$(inherited)",
					"@executable_path/Frameworks",
					"@loader_path/Frameworks",
				);
				PRODUCT_BUNDLE_IDENTIFIER = "com.getmo.ios-smartupush-demo.ios-smartpush-demoTests";
				PRODUCT_NAME = "$(TARGET_NAME)";
				SWIFT_VERSION = 4.2;
				TARGETED_DEVICE_FAMILY = "1,2";
				TEST_HOST = "$(BUILT_PRODUCTS_DIR)/ios-smartpush-demo.app/ios-smartpush-demo";
			};
			name = Debug;
		};
		BAE7D90421C0245500FB9930 /* Release */ = {
			isa = XCBuildConfiguration;
			baseConfigurationReference = A6CCA549850FEB2974DBF843 /* Pods-ios-smartpush-demoTests.release.xcconfig */;
			buildSettings = {
				ALWAYS_EMBED_SWIFT_STANDARD_LIBRARIES = YES;
				BUNDLE_LOADER = "$(TEST_HOST)";
				CODE_SIGN_STYLE = Automatic;
				DEVELOPMENT_TEAM = 7GGYTT3FER;
				INFOPLIST_FILE = "ios-smartpush-demoTests/Info.plist";
				LD_RUNPATH_SEARCH_PATHS = (
					"$(inherited)",
					"@executable_path/Frameworks",
					"@loader_path/Frameworks",
				);
				PRODUCT_BUNDLE_IDENTIFIER = "com.getmo.ios-smartupush-demo.ios-smartpush-demoTests";
				PRODUCT_NAME = "$(TARGET_NAME)";
				SWIFT_VERSION = 4.2;
				TARGETED_DEVICE_FAMILY = "1,2";
				TEST_HOST = "$(BUILT_PRODUCTS_DIR)/ios-smartpush-demo.app/ios-smartpush-demo";
			};
			name = Release;
		};
		BAE7D90621C0245500FB9930 /* Debug */ = {
			isa = XCBuildConfiguration;
			baseConfigurationReference = C46171A534F41C91CB9F62DB /* Pods-ios-smartpush-demoUITests.debug.xcconfig */;
			buildSettings = {
				ALWAYS_EMBED_SWIFT_STANDARD_LIBRARIES = YES;
				CODE_SIGN_STYLE = Automatic;
				DEVELOPMENT_TEAM = 7GGYTT3FER;
				INFOPLIST_FILE = "ios-smartpush-demoUITests/Info.plist";
				LD_RUNPATH_SEARCH_PATHS = (
					"$(inherited)",
					"@executable_path/Frameworks",
					"@loader_path/Frameworks",
				);
				PRODUCT_BUNDLE_IDENTIFIER = "com.getmo.ios-smartupush-demo.ios-smartpush-demoUITests";
				PRODUCT_NAME = "$(TARGET_NAME)";
				SWIFT_VERSION = 4.2;
				TARGETED_DEVICE_FAMILY = "1,2";
				TEST_TARGET_NAME = "ios-smartpush-demo";
			};
			name = Debug;
		};
		BAE7D90721C0245500FB9930 /* Release */ = {
			isa = XCBuildConfiguration;
			baseConfigurationReference = 3CEDD8A3AD9CE74D8EF20BC7 /* Pods-ios-smartpush-demoUITests.release.xcconfig */;
			buildSettings = {
				ALWAYS_EMBED_SWIFT_STANDARD_LIBRARIES = YES;
				CODE_SIGN_STYLE = Automatic;
				DEVELOPMENT_TEAM = 7GGYTT3FER;
				INFOPLIST_FILE = "ios-smartpush-demoUITests/Info.plist";
				LD_RUNPATH_SEARCH_PATHS = (
					"$(inherited)",
					"@executable_path/Frameworks",
					"@loader_path/Frameworks",
				);
				PRODUCT_BUNDLE_IDENTIFIER = "com.getmo.ios-smartupush-demo.ios-smartpush-demoUITests";
				PRODUCT_NAME = "$(TARGET_NAME)";
				SWIFT_VERSION = 4.2;
				TARGETED_DEVICE_FAMILY = "1,2";
				TEST_TARGET_NAME = "ios-smartpush-demo";
			};
			name = Release;
		};
/* End XCBuildConfiguration section */

/* Begin XCConfigurationList section */
		BAE7D8D221C0245200FB9930 /* Build configuration list for PBXProject "ios-smartpush-demo" */ = {
			isa = XCConfigurationList;
			buildConfigurations = (
				BAE7D8FD21C0245500FB9930 /* Debug */,
				BAE7D8FE21C0245500FB9930 /* Release */,
			);
			defaultConfigurationIsVisible = 0;
			defaultConfigurationName = Release;
		};
		BAE7D8FF21C0245500FB9930 /* Build configuration list for PBXNativeTarget "ios-smartpush-demo" */ = {
			isa = XCConfigurationList;
			buildConfigurations = (
				BAE7D90021C0245500FB9930 /* Debug */,
				BAE7D90121C0245500FB9930 /* Release */,
			);
			defaultConfigurationIsVisible = 0;
			defaultConfigurationName = Release;
		};
		BAE7D90221C0245500FB9930 /* Build configuration list for PBXNativeTarget "ios-smartpush-demoTests" */ = {
			isa = XCConfigurationList;
			buildConfigurations = (
				BAE7D90321C0245500FB9930 /* Debug */,
				BAE7D90421C0245500FB9930 /* Release */,
			);
			defaultConfigurationIsVisible = 0;
			defaultConfigurationName = Release;
		};
		BAE7D90521C0245500FB9930 /* Build configuration list for PBXNativeTarget "ios-smartpush-demoUITests" */ = {
			isa = XCConfigurationList;
			buildConfigurations = (
				BAE7D90621C0245500FB9930 /* Debug */,
				BAE7D90721C0245500FB9930 /* Release */,
			);
			defaultConfigurationIsVisible = 0;
			defaultConfigurationName = Release;
		};
/* End XCConfigurationList section */
	};
	rootObject = BAE7D8CF21C0245200FB9930 /* Project object */;
}
